
Microsoft Visual Studio Solution File, Format Version 12.00
# Visual Studio 15
VisualStudioVersion = 15.0.28307.902
MinimumVisualStudioVersion = 10.0.40219.1
Project("{2150E333-8FDC-42A3-9474-1A3956D46DE8}") = "src", "src", "{334960DA-E2EA-4745-A218-3E398D68212D}"
EndProject
Project("{2150E333-8FDC-42A3-9474-1A3956D46DE8}") = "core", "core", "{11F9C2D2-3EBF-47F9-9423-2A5EAC78B690}"
EndProject
Project("{2150E333-8FDC-42A3-9474-1A3956D46DE8}") = "hosting", "hosting", "{12383BCE-F21B-4F89-B8D3-D0924B2395FE}"
EndProject
Project("{2150E333-8FDC-42A3-9474-1A3956D46DE8}") = "Infrastructure", "Infrastructure", "{7A3F252F-4DF6-42CF-95AE-82EF20A18A85}"
EndProject
Project("{9A19103F-16F7-4668-BE54-9A1E7A4F7556}") = "CoreLib", "CoreLib\CoreLib.csproj", "{76422995-12D4-45EC-8AA7-430D0DF0AF31}"
EndProject
Project("{9A19103F-16F7-4668-BE54-9A1E7A4F7556}") = "ProjectAPI", "ProjectAPI\ProjectAPI.csproj", "{B3890D12-66E8-40F0-8626-A584151F31C8}"
EndProject
Project("{9A19103F-16F7-4668-BE54-9A1E7A4F7556}") = "ProjectFont", "ProjectFont\ProjectFont.csproj", "{38BD8158-4B0D-45DA-9560-CB17ECCE4FE9}"
EndProject
Project("{9A19103F-16F7-4668-BE54-9A1E7A4F7556}") = "CommonLib", "CommonLib\CommonLib.csproj", "{E4D41196-4E6B-424F-B78D-58342DF2910F}"
EndProject
Project("{9A19103F-16F7-4668-BE54-9A1E7A4F7556}") = "DataServiceLib", "DataServiceLib\DataServiceLib.csproj", "{FE07B04C-278F-4EBD-93F0-5E0CEFF58BA3}"
EndProject
Global
	GlobalSection(SolutionConfigurationPlatforms) = preSolution
		Debug|Any CPU = Debug|Any CPU
		Release|Any CPU = Release|Any CPU
	EndGlobalSection
	GlobalSection(ProjectConfigurationPlatforms) = postSolution
		{76422995-12D4-45EC-8AA7-430D0DF0AF31}.Debug|Any CPU.ActiveCfg = Debug|Any CPU
		{76422995-12D4-45EC-8AA7-430D0DF0AF31}.Debug|Any CPU.Build.0 = Debug|Any CPU
		{76422995-12D4-45EC-8AA7-430D0DF0AF31}.Release|Any CPU.ActiveCfg = Release|Any CPU
		{76422995-12D4-45EC-8AA7-430D0DF0AF31}.Release|Any CPU.Build.0 = Release|Any CPU
		{B3890D12-66E8-40F0-8626-A584151F31C8}.Debug|Any CPU.ActiveCfg = Debug|Any CPU
		{B3890D12-66E8-40F0-8626-A584151F31C8}.Debug|Any CPU.Build.0 = Debug|Any CPU
		{B3890D12-66E8-40F0-8626-A584151F31C8}.Release|Any CPU.ActiveCfg = Release|Any CPU
		{B3890D12-66E8-40F0-8626-A584151F31C8}.Release|Any CPU.Build.0 = Release|Any CPU
		{38BD8158-4B0D-45DA-9560-CB17ECCE4FE9}.Debug|Any CPU.ActiveCfg = Debug|Any CPU
		{38BD8158-4B0D-45DA-9560-CB17ECCE4FE9}.Debug|Any CPU.Build.0 = Debug|Any CPU
		{38BD8158-4B0D-45DA-9560-CB17ECCE4FE9}.Release|Any CPU.ActiveCfg = Release|Any CPU
		{38BD8158-4B0D-45DA-9560-CB17ECCE4FE9}.Release|Any CPU.Build.0 = Release|Any CPU
		{E4D41196-4E6B-424F-B78D-58342DF2910F}.Debug|Any CPU.ActiveCfg = Debug|Any CPU
		{E4D41196-4E6B-424F-B78D-58342DF2910F}.Debug|Any CPU.Build.0 = Debug|Any CPU
		{E4D41196-4E6B-424F-B78D-58342DF2910F}.Release|Any CPU.ActiveCfg = Release|Any CPU
		{E4D41196-4E6B-424F-B78D-58342DF2910F}.Release|Any CPU.Build.0 = Release|Any CPU
		{FE07B04C-278F-4EBD-93F0-5E0CEFF58BA3}.Debug|Any CPU.ActiveCfg = Debug|Any CPU
		{FE07B04C-278F-4EBD-93F0-5E0CEFF58BA3}.Debug|Any CPU.Build.0 = Debug|Any CPU
		{FE07B04C-278F-4EBD-93F0-5E0CEFF58BA3}.Release|Any CPU.ActiveCfg = Release|Any CPU
		{FE07B04C-278F-4EBD-93F0-5E0CEFF58BA3}.Release|Any CPU.Build.0 = Release|Any CPU
	EndGlobalSection
	GlobalSection(SolutionProperties) = preSolution
		HideSolutionNode = FALSE
	EndGlobalSection
	GlobalSection(NestedProjects) = preSolution
		{11F9C2D2-3EBF-47F9-9423-2A5EAC78B690} = {334960DA-E2EA-4745-A218-3E398D68212D}
		{12383BCE-F21B-4F89-B8D3-D0924B2395FE} = {334960DA-E2EA-4745-A218-3E398D68212D}
		{7A3F252F-4DF6-42CF-95AE-82EF20A18A85} = {334960DA-E2EA-4745-A218-3E398D68212D}
		{76422995-12D4-45EC-8AA7-430D0DF0AF31} = {11F9C2D2-3EBF-47F9-9423-2A5EAC78B690}
		{B3890D12-66E8-40F0-8626-A584151F31C8} = {12383BCE-F21B-4F89-B8D3-D0924B2395FE}
		{38BD8158-4B0D-45DA-9560-CB17ECCE4FE9} = {12383BCE-F21B-4F89-B8D3-D0924B2395FE}
		{E4D41196-4E6B-424F-B78D-58342DF2910F} = {7A3F252F-4DF6-42CF-95AE-82EF20A18A85}
		{FE07B04C-278F-4EBD-93F0-5E0CEFF58BA3} = {7A3F252F-4DF6-42CF-95AE-82EF20A18A85}
	EndGlobalSection
	GlobalSection(ExtensibilityGlobals) = postSolution
		SolutionGuid = {B43F8C75-8258-4F9B-B70F-19849154E6E5}
	EndGlobalSection
EndGlobal
